
Microsoft Visual Studio Solution File, Format Version 12.00
# Visual Studio Version 16
VisualStudioVersion = 16.0.32510.428
MinimumVisualStudioVersion = 10.0.40219.1
Project("{FAE04EC0-301F-11D3-BF4B-00C04F79EFBC}") = "LABORATORIO", "LABORATORIO\LABORATORIO.csproj", "{33F08FC9-94DD-4E43-A508-4C5E3DE23FB3}"
EndProject
Global
	GlobalSection(SolutionConfigurationPlatforms) = preSolution
		Debug|Any CPU = Debug|Any CPU
		Release|Any CPU = Release|Any CPU
	EndGlobalSection
	GlobalSection(ProjectConfigurationPlatforms) = postSolution
		{33F08FC9-94DD-4E43-A508-4C5E3DE23FB3}.Debug|Any CPU.ActiveCfg = Debug|Any CPU
		{33F08FC9-94DD-4E43-A508-4C5E3DE23FB3}.Debug|Any CPU.Build.0 = Debug|Any CPU
		{33F08FC9-94DD-4E43-A508-4C5E3DE23FB3}.Release|Any CPU.ActiveCfg = Release|Any CPU
		{33F08FC9-94DD-4E43-A508-4C5E3DE23FB3}.Release|Any CPU.Build.0 = Release|Any CPU
	EndGlobalSection
	GlobalSection(SolutionProperties) = preSolution
		HideSolutionNode = FALSE
	EndGlobalSection
	GlobalSection(ExtensibilityGlobals) = postSolution
		SolutionGuid = {E22519C8-16C0-41FE-869A-7E0224D2D804}
	EndGlobalSection
EndGlobal
